
Microsoft Visual Studio Solution File, Format Version 12.00
# Visual Studio Version 17
VisualStudioVersion = 17.10.35013.160
MinimumVisualStudioVersion = 10.0.40219.1
Project("{FAE04EC0-301F-11D3-BF4B-00C04F79EFBC}") = "Csharp07_08NETCORE", "Csharp07_08NETCORE\Csharp07_08NETCORE.csproj", "{98DB6684-B49C-4329-977A-97253B4E9A55}"
EndProject
Global
	GlobalSection(SolutionConfigurationPlatforms) = preSolution
		Debug|Any CPU = Debug|Any CPU
		Release|Any CPU = Release|Any CPU
	EndGlobalSection
	GlobalSection(ProjectConfigurationPlatforms) = postSolution
		{98DB6684-B49C-4329-977A-97253B4E9A55}.Debug|Any CPU.ActiveCfg = Debug|Any CPU
		{98DB6684-B49C-4329-977A-97253B4E9A55}.Debug|Any CPU.Build.0 = Debug|Any CPU
		{98DB6684-B49C-4329-977A-97253B4E9A55}.Release|Any CPU.ActiveCfg = Release|Any CPU
		{98DB6684-B49C-4329-977A-97253B4E9A55}.Release|Any CPU.Build.0 = Release|Any CPU
	EndGlobalSection
	GlobalSection(SolutionProperties) = preSolution
		HideSolutionNode = FALSE
	EndGlobalSection
	GlobalSection(ExtensibilityGlobals) = postSolution
		SolutionGuid = {ACCBEAC9-9909-42A9-BED9-5C2721B6F219}
	EndGlobalSection
EndGlobal
