
Microsoft Visual Studio Solution File, Format Version 12.00
# Visual Studio Version 17
VisualStudioVersion = 17.10.35004.147
MinimumVisualStudioVersion = 10.0.40219.1
Project("{FAE04EC0-301F-11D3-BF4B-00C04F79EFBC}") = "Csharp06_19", "Csharp06_19\Csharp06_19.csproj", "{DE81883C-84AE-4D3C-9694-FFC7937629E2}"
EndProject
Global
	GlobalSection(SolutionConfigurationPlatforms) = preSolution
		Debug|Any CPU = Debug|Any CPU
		Release|Any CPU = Release|Any CPU
	EndGlobalSection
	GlobalSection(ProjectConfigurationPlatforms) = postSolution
		{DE81883C-84AE-4D3C-9694-FFC7937629E2}.Debug|Any CPU.ActiveCfg = Debug|Any CPU
		{DE81883C-84AE-4D3C-9694-FFC7937629E2}.Debug|Any CPU.Build.0 = Debug|Any CPU
		{DE81883C-84AE-4D3C-9694-FFC7937629E2}.Release|Any CPU.ActiveCfg = Release|Any CPU
		{DE81883C-84AE-4D3C-9694-FFC7937629E2}.Release|Any CPU.Build.0 = Release|Any CPU
	EndGlobalSection
	GlobalSection(SolutionProperties) = preSolution
		HideSolutionNode = FALSE
	EndGlobalSection
	GlobalSection(ExtensibilityGlobals) = postSolution
		SolutionGuid = {D55BE524-83F6-48B3-933A-AA5738FAFF30}
	EndGlobalSection
EndGlobal
