
Microsoft Visual Studio Solution File, Format Version 12.00
# Visual Studio Version 17
VisualStudioVersion = 17.10.35013.160
MinimumVisualStudioVersion = 10.0.40219.1
Project("{FAE04EC0-301F-11D3-BF4B-00C04F79EFBC}") = "Csharp07_09NETCORE_Test", "Csharp07_09NETCORE_Test\Csharp07_09NETCORE_Test.csproj", "{54D60C60-C57E-4EEF-AFCC-74F6415D3D19}"
EndProject
Global
	GlobalSection(SolutionConfigurationPlatforms) = preSolution
		Debug|Any CPU = Debug|Any CPU
		Release|Any CPU = Release|Any CPU
	EndGlobalSection
	GlobalSection(ProjectConfigurationPlatforms) = postSolution
		{54D60C60-C57E-4EEF-AFCC-74F6415D3D19}.Debug|Any CPU.ActiveCfg = Debug|Any CPU
		{54D60C60-C57E-4EEF-AFCC-74F6415D3D19}.Debug|Any CPU.Build.0 = Debug|Any CPU
		{54D60C60-C57E-4EEF-AFCC-74F6415D3D19}.Release|Any CPU.ActiveCfg = Release|Any CPU
		{54D60C60-C57E-4EEF-AFCC-74F6415D3D19}.Release|Any CPU.Build.0 = Release|Any CPU
	EndGlobalSection
	GlobalSection(SolutionProperties) = preSolution
		HideSolutionNode = FALSE
	EndGlobalSection
	GlobalSection(ExtensibilityGlobals) = postSolution
		SolutionGuid = {76B43FF2-C2FA-492E-8F55-F984B44775C5}
	EndGlobalSection
EndGlobal
