
Microsoft Visual Studio Solution File, Format Version 12.00
# Visual Studio Version 17
VisualStudioVersion = 17.10.35013.160
MinimumVisualStudioVersion = 10.0.40219.1
Project("{FAE04EC0-301F-11D3-BF4B-00C04F79EFBC}") = "Csharp07_01NETCORE", "Csharp07_01NETCORE\Csharp07_01NETCORE.csproj", "{8C7F7DA9-DABD-4272-AAA8-3951F3DD4C40}"
EndProject
Project("{FAE04EC0-301F-11D3-BF4B-00C04F79EFBC}") = "Test", "Test\Test.csproj", "{C078F9BE-1F67-4A11-B486-6D438F339B51}"
EndProject
Global
	GlobalSection(SolutionConfigurationPlatforms) = preSolution
		Debug|Any CPU = Debug|Any CPU
		Release|Any CPU = Release|Any CPU
	EndGlobalSection
	GlobalSection(ProjectConfigurationPlatforms) = postSolution
		{8C7F7DA9-DABD-4272-AAA8-3951F3DD4C40}.Debug|Any CPU.ActiveCfg = Debug|Any CPU
		{8C7F7DA9-DABD-4272-AAA8-3951F3DD4C40}.Debug|Any CPU.Build.0 = Debug|Any CPU
		{8C7F7DA9-DABD-4272-AAA8-3951F3DD4C40}.Release|Any CPU.ActiveCfg = Release|Any CPU
		{8C7F7DA9-DABD-4272-AAA8-3951F3DD4C40}.Release|Any CPU.Build.0 = Release|Any CPU
		{C078F9BE-1F67-4A11-B486-6D438F339B51}.Debug|Any CPU.ActiveCfg = Debug|Any CPU
		{C078F9BE-1F67-4A11-B486-6D438F339B51}.Debug|Any CPU.Build.0 = Debug|Any CPU
		{C078F9BE-1F67-4A11-B486-6D438F339B51}.Release|Any CPU.ActiveCfg = Release|Any CPU
		{C078F9BE-1F67-4A11-B486-6D438F339B51}.Release|Any CPU.Build.0 = Release|Any CPU
	EndGlobalSection
	GlobalSection(SolutionProperties) = preSolution
		HideSolutionNode = FALSE
	EndGlobalSection
	GlobalSection(ExtensibilityGlobals) = postSolution
		SolutionGuid = {61919F0C-529A-40A0-B318-65416348D24C}
	EndGlobalSection
EndGlobal
