
Microsoft Visual Studio Solution File, Format Version 12.00
# Visual Studio Version 17
VisualStudioVersion = 17.10.35004.147
MinimumVisualStudioVersion = 10.0.40219.1
Project("{FAE04EC0-301F-11D3-BF4B-00C04F79EFBC}") = "Csharp06_17", "Csharp06_17\Csharp06_17.csproj", "{E3BADE74-6F84-424E-9868-BF5B838D1142}"
EndProject
Global
	GlobalSection(SolutionConfigurationPlatforms) = preSolution
		Debug|Any CPU = Debug|Any CPU
		Release|Any CPU = Release|Any CPU
	EndGlobalSection
	GlobalSection(ProjectConfigurationPlatforms) = postSolution
		{E3BADE74-6F84-424E-9868-BF5B838D1142}.Debug|Any CPU.ActiveCfg = Debug|Any CPU
		{E3BADE74-6F84-424E-9868-BF5B838D1142}.Debug|Any CPU.Build.0 = Debug|Any CPU
		{E3BADE74-6F84-424E-9868-BF5B838D1142}.Release|Any CPU.ActiveCfg = Release|Any CPU
		{E3BADE74-6F84-424E-9868-BF5B838D1142}.Release|Any CPU.Build.0 = Release|Any CPU
	EndGlobalSection
	GlobalSection(SolutionProperties) = preSolution
		HideSolutionNode = FALSE
	EndGlobalSection
	GlobalSection(ExtensibilityGlobals) = postSolution
		SolutionGuid = {9349CB08-EA6D-4CE5-8AE9-A0E87A6BB54E}
	EndGlobalSection
EndGlobal
