
Microsoft Visual Studio Solution File, Format Version 12.00
# Visual Studio Version 17
VisualStudioVersion = 17.5.002.0
MinimumVisualStudioVersion = 10.0.40219.1
Project("{9A19103F-16F7-4668-BE54-9A1E7A4F7556}") = "Csharp06_26NETCORE", "Csharp06_26NETCORE.csproj", "{C5A2BA6F-FB99-4650-84C7-D182C0DE14A7}"
EndProject
Global
	GlobalSection(SolutionConfigurationPlatforms) = preSolution
		Debug|Any CPU = Debug|Any CPU
		Release|Any CPU = Release|Any CPU
	EndGlobalSection
	GlobalSection(ProjectConfigurationPlatforms) = postSolution
		{C5A2BA6F-FB99-4650-84C7-D182C0DE14A7}.Debug|Any CPU.ActiveCfg = Debug|Any CPU
		{C5A2BA6F-FB99-4650-84C7-D182C0DE14A7}.Debug|Any CPU.Build.0 = Debug|Any CPU
		{C5A2BA6F-FB99-4650-84C7-D182C0DE14A7}.Release|Any CPU.ActiveCfg = Release|Any CPU
		{C5A2BA6F-FB99-4650-84C7-D182C0DE14A7}.Release|Any CPU.Build.0 = Release|Any CPU
	EndGlobalSection
	GlobalSection(SolutionProperties) = preSolution
		HideSolutionNode = FALSE
	EndGlobalSection
	GlobalSection(ExtensibilityGlobals) = postSolution
		SolutionGuid = {03DF59AE-7B47-4EFD-AE81-8BAEBC15826E}
	EndGlobalSection
EndGlobal
