
Microsoft Visual Studio Solution File, Format Version 12.00
# Visual Studio Version 17
VisualStudioVersion = 17.10.35122.118
MinimumVisualStudioVersion = 10.0.40219.1
Project("{FAE04EC0-301F-11D3-BF4B-00C04F79EFBC}") = "Csharp09_14NETCORE", "Csharp09_14NETCORE\Csharp09_14NETCORE.csproj", "{CC6405BF-610C-4230-BF0A-402325F5F8D9}"
EndProject
Global
	GlobalSection(SolutionConfigurationPlatforms) = preSolution
		Debug|Any CPU = Debug|Any CPU
		Release|Any CPU = Release|Any CPU
	EndGlobalSection
	GlobalSection(ProjectConfigurationPlatforms) = postSolution
		{CC6405BF-610C-4230-BF0A-402325F5F8D9}.Debug|Any CPU.ActiveCfg = Debug|Any CPU
		{CC6405BF-610C-4230-BF0A-402325F5F8D9}.Debug|Any CPU.Build.0 = Debug|Any CPU
		{CC6405BF-610C-4230-BF0A-402325F5F8D9}.Release|Any CPU.ActiveCfg = Release|Any CPU
		{CC6405BF-610C-4230-BF0A-402325F5F8D9}.Release|Any CPU.Build.0 = Release|Any CPU
	EndGlobalSection
	GlobalSection(SolutionProperties) = preSolution
		HideSolutionNode = FALSE
	EndGlobalSection
	GlobalSection(ExtensibilityGlobals) = postSolution
		SolutionGuid = {8B2579C6-BB4E-4565-92EB-ACA67BD2C4D2}
	EndGlobalSection
EndGlobal
