
Microsoft Visual Studio Solution File, Format Version 12.00
# Visual Studio Version 17
VisualStudioVersion = 17.10.35013.160
MinimumVisualStudioVersion = 10.0.40219.1
Project("{FAE04EC0-301F-11D3-BF4B-00C04F79EFBC}") = "Csharp07_25NETCORE", "Csharp07_25NETCORE\Csharp07_25NETCORE.csproj", "{67DF9BD1-3C7D-4E7A-A634-1554A4C65B7B}"
EndProject
Global
	GlobalSection(SolutionConfigurationPlatforms) = preSolution
		Debug|Any CPU = Debug|Any CPU
		Release|Any CPU = Release|Any CPU
	EndGlobalSection
	GlobalSection(ProjectConfigurationPlatforms) = postSolution
		{67DF9BD1-3C7D-4E7A-A634-1554A4C65B7B}.Debug|Any CPU.ActiveCfg = Debug|Any CPU
		{67DF9BD1-3C7D-4E7A-A634-1554A4C65B7B}.Debug|Any CPU.Build.0 = Debug|Any CPU
		{67DF9BD1-3C7D-4E7A-A634-1554A4C65B7B}.Release|Any CPU.ActiveCfg = Release|Any CPU
		{67DF9BD1-3C7D-4E7A-A634-1554A4C65B7B}.Release|Any CPU.Build.0 = Release|Any CPU
	EndGlobalSection
	GlobalSection(SolutionProperties) = preSolution
		HideSolutionNode = FALSE
	EndGlobalSection
	GlobalSection(ExtensibilityGlobals) = postSolution
		SolutionGuid = {A65F20F9-C556-4516-B1CC-6A2EF459EBAD}
	EndGlobalSection
EndGlobal
