
Microsoft Visual Studio Solution File, Format Version 12.00
# Visual Studio Version 17
VisualStudioVersion = 17.10.35013.160
MinimumVisualStudioVersion = 10.0.40219.1
Project("{FAE04EC0-301F-11D3-BF4B-00C04F79EFBC}") = "Csharp06_19_2", "Csharp06_19_2\Csharp06_19_2.csproj", "{4AB009BF-D543-459D-A600-77295F7B0EFC}"
EndProject
Global
	GlobalSection(SolutionConfigurationPlatforms) = preSolution
		Debug|Any CPU = Debug|Any CPU
		Release|Any CPU = Release|Any CPU
	EndGlobalSection
	GlobalSection(ProjectConfigurationPlatforms) = postSolution
		{4AB009BF-D543-459D-A600-77295F7B0EFC}.Debug|Any CPU.ActiveCfg = Debug|Any CPU
		{4AB009BF-D543-459D-A600-77295F7B0EFC}.Debug|Any CPU.Build.0 = Debug|Any CPU
		{4AB009BF-D543-459D-A600-77295F7B0EFC}.Release|Any CPU.ActiveCfg = Release|Any CPU
		{4AB009BF-D543-459D-A600-77295F7B0EFC}.Release|Any CPU.Build.0 = Release|Any CPU
	EndGlobalSection
	GlobalSection(SolutionProperties) = preSolution
		HideSolutionNode = FALSE
	EndGlobalSection
	GlobalSection(ExtensibilityGlobals) = postSolution
		SolutionGuid = {21324F64-3E18-418E-9CE3-D0C6DE7D0DA4}
	EndGlobalSection
EndGlobal
