
Microsoft Visual Studio Solution File, Format Version 12.00
# Visual Studio Version 17
VisualStudioVersion = 17.10.35004.147
MinimumVisualStudioVersion = 10.0.40219.1
Project("{FAE04EC0-301F-11D3-BF4B-00C04F79EFBC}") = "Csharp06_17_2", "Csharp06_17_2\Csharp06_17_2.csproj", "{245B7D9C-F80C-4047-B5E2-2C62F796D2C5}"
EndProject
Global
	GlobalSection(SolutionConfigurationPlatforms) = preSolution
		Debug|Any CPU = Debug|Any CPU
		Release|Any CPU = Release|Any CPU
	EndGlobalSection
	GlobalSection(ProjectConfigurationPlatforms) = postSolution
		{245B7D9C-F80C-4047-B5E2-2C62F796D2C5}.Debug|Any CPU.ActiveCfg = Debug|Any CPU
		{245B7D9C-F80C-4047-B5E2-2C62F796D2C5}.Debug|Any CPU.Build.0 = Debug|Any CPU
		{245B7D9C-F80C-4047-B5E2-2C62F796D2C5}.Release|Any CPU.ActiveCfg = Release|Any CPU
		{245B7D9C-F80C-4047-B5E2-2C62F796D2C5}.Release|Any CPU.Build.0 = Release|Any CPU
	EndGlobalSection
	GlobalSection(SolutionProperties) = preSolution
		HideSolutionNode = FALSE
	EndGlobalSection
	GlobalSection(ExtensibilityGlobals) = postSolution
		SolutionGuid = {B39E1B18-6130-4B7B-BB90-F759662B4964}
	EndGlobalSection
EndGlobal
