
Microsoft Visual Studio Solution File, Format Version 12.00
# Visual Studio Version 17
VisualStudioVersion = 17.10.35013.160
MinimumVisualStudioVersion = 10.0.40219.1
Project("{FAE04EC0-301F-11D3-BF4B-00C04F79EFBC}") = "Csharp06_20_2", "Csharp06_20_2\Csharp06_20_2.csproj", "{C3B26A97-4F20-466F-82D7-ECC1DB40EB2D}"
EndProject
Global
	GlobalSection(SolutionConfigurationPlatforms) = preSolution
		Debug|Any CPU = Debug|Any CPU
		Release|Any CPU = Release|Any CPU
	EndGlobalSection
	GlobalSection(ProjectConfigurationPlatforms) = postSolution
		{C3B26A97-4F20-466F-82D7-ECC1DB40EB2D}.Debug|Any CPU.ActiveCfg = Debug|Any CPU
		{C3B26A97-4F20-466F-82D7-ECC1DB40EB2D}.Debug|Any CPU.Build.0 = Debug|Any CPU
		{C3B26A97-4F20-466F-82D7-ECC1DB40EB2D}.Release|Any CPU.ActiveCfg = Release|Any CPU
		{C3B26A97-4F20-466F-82D7-ECC1DB40EB2D}.Release|Any CPU.Build.0 = Release|Any CPU
	EndGlobalSection
	GlobalSection(SolutionProperties) = preSolution
		HideSolutionNode = FALSE
	EndGlobalSection
	GlobalSection(ExtensibilityGlobals) = postSolution
		SolutionGuid = {781AB2F1-39FC-41F6-8CFA-B917E1924F33}
	EndGlobalSection
EndGlobal
