
Microsoft Visual Studio Solution File, Format Version 12.00
# Visual Studio Version 17
VisualStudioVersion = 17.10.35013.160
MinimumVisualStudioVersion = 10.0.40219.1
Project("{FAE04EC0-301F-11D3-BF4B-00C04F79EFBC}") = "Csharp06_26NETCORE", "Csharp06_26NETCORE\Csharp06_26NETCORE.csproj", "{BB9EFBFA-3D69-4C5B-8928-596AA7CA0001}"
EndProject
Global
	GlobalSection(SolutionConfigurationPlatforms) = preSolution
		Debug|Any CPU = Debug|Any CPU
		Release|Any CPU = Release|Any CPU
	EndGlobalSection
	GlobalSection(ProjectConfigurationPlatforms) = postSolution
		{BB9EFBFA-3D69-4C5B-8928-596AA7CA0001}.Debug|Any CPU.ActiveCfg = Debug|Any CPU
		{BB9EFBFA-3D69-4C5B-8928-596AA7CA0001}.Debug|Any CPU.Build.0 = Debug|Any CPU
		{BB9EFBFA-3D69-4C5B-8928-596AA7CA0001}.Release|Any CPU.ActiveCfg = Release|Any CPU
		{BB9EFBFA-3D69-4C5B-8928-596AA7CA0001}.Release|Any CPU.Build.0 = Release|Any CPU
	EndGlobalSection
	GlobalSection(SolutionProperties) = preSolution
		HideSolutionNode = FALSE
	EndGlobalSection
	GlobalSection(ExtensibilityGlobals) = postSolution
		SolutionGuid = {659B42FB-65D3-4384-876F-7B71F06EA2FD}
	EndGlobalSection
EndGlobal
