
Microsoft Visual Studio Solution File, Format Version 12.00
# Visual Studio Version 17
VisualStudioVersion = 17.10.35013.160
MinimumVisualStudioVersion = 10.0.40219.1
Project("{FAE04EC0-301F-11D3-BF4B-00C04F79EFBC}") = "Csharp07_23NETCORE", "Csharp07_23NETCORE\Csharp07_23NETCORE.csproj", "{EAD49962-BCEB-4384-A9E7-A59DE88AC832}"
EndProject
Global
	GlobalSection(SolutionConfigurationPlatforms) = preSolution
		Debug|Any CPU = Debug|Any CPU
		Release|Any CPU = Release|Any CPU
	EndGlobalSection
	GlobalSection(ProjectConfigurationPlatforms) = postSolution
		{EAD49962-BCEB-4384-A9E7-A59DE88AC832}.Debug|Any CPU.ActiveCfg = Debug|Any CPU
		{EAD49962-BCEB-4384-A9E7-A59DE88AC832}.Debug|Any CPU.Build.0 = Debug|Any CPU
		{EAD49962-BCEB-4384-A9E7-A59DE88AC832}.Release|Any CPU.ActiveCfg = Release|Any CPU
		{EAD49962-BCEB-4384-A9E7-A59DE88AC832}.Release|Any CPU.Build.0 = Release|Any CPU
	EndGlobalSection
	GlobalSection(SolutionProperties) = preSolution
		HideSolutionNode = FALSE
	EndGlobalSection
	GlobalSection(ExtensibilityGlobals) = postSolution
		SolutionGuid = {EB70EEBF-51B2-416B-89BA-9482605AC463}
	EndGlobalSection
EndGlobal
