
Microsoft Visual Studio Solution File, Format Version 12.00
# Visual Studio Version 17
VisualStudioVersion = 17.10.35004.147
MinimumVisualStudioVersion = 10.0.40219.1
Project("{FAE04EC0-301F-11D3-BF4B-00C04F79EFBC}") = "Csharp06_13", "Csharp06_13\Csharp06_13.csproj", "{2ECA7760-51A9-4A72-A05F-D51D7B0ADA0E}"
EndProject
Project("{FAE04EC0-301F-11D3-BF4B-00C04F79EFBC}") = "Csharp_sub", "Csharp_sub\Csharp_sub.csproj", "{9C2F75A7-A730-4554-B352-CD325A13030C}"
EndProject
Global
	GlobalSection(SolutionConfigurationPlatforms) = preSolution
		Debug|Any CPU = Debug|Any CPU
		Release|Any CPU = Release|Any CPU
	EndGlobalSection
	GlobalSection(ProjectConfigurationPlatforms) = postSolution
		{2ECA7760-51A9-4A72-A05F-D51D7B0ADA0E}.Debug|Any CPU.ActiveCfg = Debug|Any CPU
		{2ECA7760-51A9-4A72-A05F-D51D7B0ADA0E}.Debug|Any CPU.Build.0 = Debug|Any CPU
		{2ECA7760-51A9-4A72-A05F-D51D7B0ADA0E}.Release|Any CPU.ActiveCfg = Release|Any CPU
		{2ECA7760-51A9-4A72-A05F-D51D7B0ADA0E}.Release|Any CPU.Build.0 = Release|Any CPU
		{9C2F75A7-A730-4554-B352-CD325A13030C}.Debug|Any CPU.ActiveCfg = Debug|Any CPU
		{9C2F75A7-A730-4554-B352-CD325A13030C}.Debug|Any CPU.Build.0 = Debug|Any CPU
		{9C2F75A7-A730-4554-B352-CD325A13030C}.Release|Any CPU.ActiveCfg = Release|Any CPU
		{9C2F75A7-A730-4554-B352-CD325A13030C}.Release|Any CPU.Build.0 = Release|Any CPU
	EndGlobalSection
	GlobalSection(SolutionProperties) = preSolution
		HideSolutionNode = FALSE
	EndGlobalSection
	GlobalSection(ExtensibilityGlobals) = postSolution
		SolutionGuid = {1ED9AD03-9C1D-4C5E-9188-9E3501C23450}
	EndGlobalSection
EndGlobal
